// !$*UTF8*$!
{
	archiveVersion = 1;
	classes = {
	};
	objectVersion = 55;
	objects = {

/* Begin PBXBuildFile section */
		76111DA428935D3C00F5683C /* LocationViewController.swift in Sources */ = {isa = PBXBuildFile; fileRef = 76111DA328935D3C00F5683C /* LocationViewController.swift */; };
		76111DB1289384C800F5683C /* SCDream1.otf in Resources */ = {isa = PBXBuildFile; fileRef = 76111DA8289384C800F5683C /* SCDream1.otf */; };
		76111DB4289384C800F5683C /* SCDream3.otf in Resources */ = {isa = PBXBuildFile; fileRef = 76111DAB289384C800F5683C /* SCDream3.otf */; };
		76111DB5289384C800F5683C /* SCDream2.otf in Resources */ = {isa = PBXBuildFile; fileRef = 76111DAC289384C800F5683C /* SCDream2.otf */; };
		76111DB82893874200F5683C /* HBIOS-SYS.ttf in Resources */ = {isa = PBXBuildFile; fileRef = 76111DB72893874200F5683C /* HBIOS-SYS.ttf */; };
		761C70592899FF8600652036 /* Constant.swift in Sources */ = {isa = PBXBuildFile; fileRef = 761C70582899FF8600652036 /* Constant.swift */; };
		7624105928928353005AFE3F /* 0727-Assignment.storyboard in Resources */ = {isa = PBXBuildFile; fileRef = 7624105828928353005AFE3F /* 0727-Assignment.storyboard */; };
		7624105B28928559005AFE3F /* WebViewController.swift in Sources */ = {isa = PBXBuildFile; fileRef = 7624105A28928559005AFE3F /* WebViewController.swift */; };
		7628153F2898BD1F009CA303 /* BoxOfficeModel.swift in Sources */ = {isa = PBXBuildFile; fileRef = 7628153E2898BD1F009CA303 /* BoxOfficeModel.swift */; };
		76563BBD28920CCD008F2CE1 /* ViewPresentableProtocol.swift in Sources */ = {isa = PBXBuildFile; fileRef = 76563BBC28920CCD008F2CE1 /* ViewPresentableProtocol.swift */; };
		76563BBF2892236C008F2CE1 /* LottoViewController.swift in Sources */ = {isa = PBXBuildFile; fileRef = 76563BBE2892236C008F2CE1 /* LottoViewController.swift */; };
		76563BC128923067008F2CE1 /* TranslateViewController.swift in Sources */ = {isa = PBXBuildFile; fileRef = 76563BC028923067008F2CE1 /* TranslateViewController.swift */; };
		76563BC328923AE0008F2CE1 /* WebViewViewController.swift in Sources */ = {isa = PBXBuildFile; fileRef = 76563BC228923AE0008F2CE1 /* WebViewViewController.swift */; };
		767B67DC2897527D0032C561 /* ReusableViewProtocol.swift in Sources */ = {isa = PBXBuildFile; fileRef = 767B67DB2897527D0032C561 /* ReusableViewProtocol.swift */; };
		767B67E128975FAD0032C561 /* UserDefaultsHelper.swift in Sources */ = {isa = PBXBuildFile; fileRef = 767B67E028975FAD0032C561 /* UserDefaultsHelper.swift */; };
		767B67E428977CE30032C561 /* Alamofire in Frameworks */ = {isa = PBXBuildFile; productRef = 767B67E328977CE30032C561 /* Alamofire */; };
		767B67E728977CF90032C561 /* SwiftyJSON in Frameworks */ = {isa = PBXBuildFile; productRef = 767B67E628977CF90032C561 /* SwiftyJSON */; };
		76A560E22897D2C4007159FB /* RecommendRandomBeerViewController.swift in Sources */ = {isa = PBXBuildFile; fileRef = 76A560E12897D2C4007159FB /* RecommendRandomBeerViewController.swift */; };
		76A560E62897FC19007159FB /* RecommendRandomBeer.storyboard in Resources */ = {isa = PBXBuildFile; fileRef = 76A560E52897FC19007159FB /* RecommendRandomBeer.storyboard */; };
		76A560EA2897FC40007159FB /* Beer.swift in Sources */ = {isa = PBXBuildFile; fileRef = 76A560E92897FC40007159FB /* Beer.swift */; };
		76A560EC2897FC50007159FB /* DefaultColor.swift in Sources */ = {isa = PBXBuildFile; fileRef = 76A560EB2897FC50007159FB /* DefaultColor.swift */; };
		76A560EF2898063F007159FB /* UILabel+Extension.swift in Sources */ = {isa = PBXBuildFile; fileRef = 76A560EE2898063F007159FB /* UILabel+Extension.swift */; };
		76A560F128980CF7007159FB /* canela_bold.otf in Resources */ = {isa = PBXBuildFile; fileRef = 76A560F028980CF7007159FB /* canela_bold.otf */; };
		76A560F328980DC7007159FB /* Ghanachocolate.ttf in Resources */ = {isa = PBXBuildFile; fileRef = 76A560F228980DC7007159FB /* Ghanachocolate.ttf */; };
		76A560F528980EEE007159FB /* BMDOHYEON_otf.otf in Resources */ = {isa = PBXBuildFile; fileRef = 76A560F428980EEE007159FB /* BMDOHYEON_otf.otf */; };
		76A560F8289814F8007159FB /* Kingfisher in Frameworks */ = {isa = PBXBuildFile; productRef = 76A560F7289814F8007159FB /* Kingfisher */; };
		76BE59652890DDC000DD5074 /* AppDelegate.swift in Sources */ = {isa = PBXBuildFile; fileRef = 76BE59642890DDC000DD5074 /* AppDelegate.swift */; };
		76BE59672890DDC000DD5074 /* SceneDelegate.swift in Sources */ = {isa = PBXBuildFile; fileRef = 76BE59662890DDC000DD5074 /* SceneDelegate.swift */; };
		76BE59692890DDC000DD5074 /* ViewController.swift in Sources */ = {isa = PBXBuildFile; fileRef = 76BE59682890DDC000DD5074 /* ViewController.swift */; };
		76BE596C2890DDC000DD5074 /* Main.storyboard in Resources */ = {isa = PBXBuildFile; fileRef = 76BE596A2890DDC000DD5074 /* Main.storyboard */; };
		76BE596E2890DDC100DD5074 /* Assets.xcassets in Resources */ = {isa = PBXBuildFile; fileRef = 76BE596D2890DDC100DD5074 /* Assets.xcassets */; };
		76BE59712890DDC100DD5074 /* LaunchScreen.storyboard in Resources */ = {isa = PBXBuildFile; fileRef = 76BE596F2890DDC100DD5074 /* LaunchScreen.storyboard */; };
		76BE59792890E1F800DD5074 /* SearchViewController.swift in Sources */ = {isa = PBXBuildFile; fileRef = 76BE59782890E1F800DD5074 /* SearchViewController.swift */; };
		76BE59812890E5D200DD5074 /* ListTableViewCell.swift in Sources */ = {isa = PBXBuildFile; fileRef = 76BE59802890E5D200DD5074 /* ListTableViewCell.swift */; };
		76BE59852890ED7E00DD5074 /* ListTableViewCell.xib in Resources */ = {isa = PBXBuildFile; fileRef = 76BE59842890ED7E00DD5074 /* ListTableViewCell.xib */; };
/* End PBXBuildFile section */

/* Begin PBXFileReference section */
		76111DA328935D3C00F5683C /* LocationViewController.swift */ = {isa = PBXFileReference; lastKnownFileType = sourcecode.swift; path = LocationViewController.swift; sourceTree = "<group>"; };
		76111DA8289384C800F5683C /* SCDream1.otf */ = {isa = PBXFileReference; lastKnownFileType = file; path = SCDream1.otf; sourceTree = "<group>"; };
		76111DAB289384C800F5683C /* SCDream3.otf */ = {isa = PBXFileReference; lastKnownFileType = file; path = SCDream3.otf; sourceTree = "<group>"; };
		76111DAC289384C800F5683C /* SCDream2.otf */ = {isa = PBXFileReference; lastKnownFileType = file; path = SCDream2.otf; sourceTree = "<group>"; };
		76111DB72893874200F5683C /* HBIOS-SYS.ttf */ = {isa = PBXFileReference; lastKnownFileType = file; path = "HBIOS-SYS.ttf"; sourceTree = "<group>"; };
		761C70572899FF6300652036 /* .gitignore */ = {isa = PBXFileReference; lastKnownFileType = text; path = .gitignore; sourceTree = "<group>"; };
		761C70582899FF8600652036 /* Constant.swift */ = {isa = PBXFileReference; lastKnownFileType = sourcecode.swift; path = Constant.swift; sourceTree = "<group>"; };
		7624105828928353005AFE3F /* 0727-Assignment.storyboard */ = {isa = PBXFileReference; lastKnownFileType = file.storyboard; path = "0727-Assignment.storyboard"; sourceTree = "<group>"; };
		7624105A28928559005AFE3F /* WebViewController.swift */ = {isa = PBXFileReference; lastKnownFileType = sourcecode.swift; path = WebViewController.swift; sourceTree = "<group>"; };
		7628153E2898BD1F009CA303 /* BoxOfficeModel.swift */ = {isa = PBXFileReference; lastKnownFileType = sourcecode.swift; path = BoxOfficeModel.swift; sourceTree = "<group>"; };
		76563BBC28920CCD008F2CE1 /* ViewPresentableProtocol.swift */ = {isa = PBXFileReference; lastKnownFileType = sourcecode.swift; path = ViewPresentableProtocol.swift; sourceTree = "<group>"; };
		76563BBE2892236C008F2CE1 /* LottoViewController.swift */ = {isa = PBXFileReference; lastKnownFileType = sourcecode.swift; path = LottoViewController.swift; sourceTree = "<group>"; };
		76563BC028923067008F2CE1 /* TranslateViewController.swift */ = {isa = PBXFileReference; lastKnownFileType = sourcecode.swift; path = TranslateViewController.swift; sourceTree = "<group>"; };
		76563BC228923AE0008F2CE1 /* WebViewViewController.swift */ = {isa = PBXFileReference; lastKnownFileType = sourcecode.swift; path = WebViewViewController.swift; sourceTree = "<group>"; };
		767B67DB2897527D0032C561 /* ReusableViewProtocol.swift */ = {isa = PBXFileReference; lastKnownFileType = sourcecode.swift; path = ReusableViewProtocol.swift; sourceTree = "<group>"; };
		767B67E028975FAD0032C561 /* UserDefaultsHelper.swift */ = {isa = PBXFileReference; lastKnownFileType = sourcecode.swift; path = UserDefaultsHelper.swift; sourceTree = "<group>"; };
		76A560E12897D2C4007159FB /* RecommendRandomBeerViewController.swift */ = {isa = PBXFileReference; lastKnownFileType = sourcecode.swift; path = RecommendRandomBeerViewController.swift; sourceTree = "<group>"; };
		76A560E52897FC19007159FB /* RecommendRandomBeer.storyboard */ = {isa = PBXFileReference; lastKnownFileType = file.storyboard; path = RecommendRandomBeer.storyboard; sourceTree = "<group>"; };
		76A560E92897FC40007159FB /* Beer.swift */ = {isa = PBXFileReference; lastKnownFileType = sourcecode.swift; path = Beer.swift; sourceTree = "<group>"; };
		76A560EB2897FC50007159FB /* DefaultColor.swift */ = {isa = PBXFileReference; lastKnownFileType = sourcecode.swift; path = DefaultColor.swift; sourceTree = "<group>"; };
		76A560EE2898063F007159FB /* UILabel+Extension.swift */ = {isa = PBXFileReference; lastKnownFileType = sourcecode.swift; path = "UILabel+Extension.swift"; sourceTree = "<group>"; };
		76A560F028980CF7007159FB /* canela_bold.otf */ = {isa = PBXFileReference; lastKnownFileType = file; path = canela_bold.otf; sourceTree = "<group>"; };
		76A560F228980DC7007159FB /* Ghanachocolate.ttf */ = {isa = PBXFileReference; lastKnownFileType = file; path = Ghanachocolate.ttf; sourceTree = "<group>"; };
		76A560F428980EEE007159FB /* BMDOHYEON_otf.otf */ = {isa = PBXFileReference; lastKnownFileType = file; path = BMDOHYEON_otf.otf; sourceTree = "<group>"; };
		76BE59612890DDC000DD5074 /* sesac-0727.app */ = {isa = PBXFileReference; explicitFileType = wrapper.application; includeInIndex = 0; path = "sesac-0727.app"; sourceTree = BUILT_PRODUCTS_DIR; };
		76BE59642890DDC000DD5074 /* AppDelegate.swift */ = {isa = PBXFileReference; lastKnownFileType = sourcecode.swift; path = AppDelegate.swift; sourceTree = "<group>"; };
		76BE59662890DDC000DD5074 /* SceneDelegate.swift */ = {isa = PBXFileReference; lastKnownFileType = sourcecode.swift; path = SceneDelegate.swift; sourceTree = "<group>"; };
		76BE59682890DDC000DD5074 /* ViewController.swift */ = {isa = PBXFileReference; lastKnownFileType = sourcecode.swift; path = ViewController.swift; sourceTree = "<group>"; };
		76BE596B2890DDC000DD5074 /* Base */ = {isa = PBXFileReference; lastKnownFileType = file.storyboard; name = Base; path = Base.lproj/Main.storyboard; sourceTree = "<group>"; };
		76BE596D2890DDC100DD5074 /* Assets.xcassets */ = {isa = PBXFileReference; lastKnownFileType = folder.assetcatalog; path = Assets.xcassets; sourceTree = "<group>"; };
		76BE59702890DDC100DD5074 /* Base */ = {isa = PBXFileReference; lastKnownFileType = file.storyboard; name = Base; path = Base.lproj/LaunchScreen.storyboard; sourceTree = "<group>"; };
		76BE59722890DDC100DD5074 /* Info.plist */ = {isa = PBXFileReference; lastKnownFileType = text.plist.xml; path = Info.plist; sourceTree = "<group>"; };
		76BE59782890E1F800DD5074 /* SearchViewController.swift */ = {isa = PBXFileReference; lastKnownFileType = sourcecode.swift; path = SearchViewController.swift; sourceTree = "<group>"; };
		76BE59802890E5D200DD5074 /* ListTableViewCell.swift */ = {isa = PBXFileReference; lastKnownFileType = sourcecode.swift; path = ListTableViewCell.swift; sourceTree = "<group>"; };
		76BE59842890ED7E00DD5074 /* ListTableViewCell.xib */ = {isa = PBXFileReference; lastKnownFileType = file.xib; path = ListTableViewCell.xib; sourceTree = "<group>"; };
		76FBE1F7289118C500FA3F9F /* 0726-sesac.playground */ = {isa = PBXFileReference; lastKnownFileType = file.playground; path = "0726-sesac.playground"; sourceTree = "<group>"; };
/* End PBXFileReference section */

/* Begin PBXFrameworksBuildPhase section */
		76BE595E2890DDC000DD5074 /* Frameworks */ = {
			isa = PBXFrameworksBuildPhase;
			buildActionMask = 2147483647;
			files = (
				76A560F8289814F8007159FB /* Kingfisher in Frameworks */,
				767B67E728977CF90032C561 /* SwiftyJSON in Frameworks */,
				767B67E428977CE30032C561 /* Alamofire in Frameworks */,
			);
			runOnlyForDeploymentPostprocessing = 0;
		};
/* End PBXFrameworksBuildPhase section */

/* Begin PBXGroup section */
		76563BBB28920C9F008F2CE1 /* Protocol */ = {
			isa = PBXGroup;
			children = (
				76563BBC28920CCD008F2CE1 /* ViewPresentableProtocol.swift */,
				767B67DB2897527D0032C561 /* ReusableViewProtocol.swift */,
			);
			path = Protocol;
			sourceTree = "<group>";
		};
		767B67DD2897577B0032C561 /* Constant */ = {
			isa = PBXGroup;
			children = (
				767B67E028975FAD0032C561 /* UserDefaultsHelper.swift */,
				761C70582899FF8600652036 /* Constant.swift */,
			);
			path = Constant;
			sourceTree = "<group>";
		};
		76A560E02897D2B1007159FB /* RecommendRandomBeer */ = {
			isa = PBXGroup;
			children = (
				76A560ED2898062F007159FB /* Extension */,
				76A560E82897FC31007159FB /* Model */,
				76A560E72897FC24007159FB /* Storyboard */,
				76A560E12897D2C4007159FB /* RecommendRandomBeerViewController.swift */,
			);
			path = RecommendRandomBeer;
			sourceTree = "<group>";
		};
		76A560E72897FC24007159FB /* Storyboard */ = {
			isa = PBXGroup;
			children = (
				76A560E52897FC19007159FB /* RecommendRandomBeer.storyboard */,
			);
			path = Storyboard;
			sourceTree = "<group>";
		};
		76A560E82897FC31007159FB /* Model */ = {
			isa = PBXGroup;
			children = (
				76A560E92897FC40007159FB /* Beer.swift */,
				76A560EB2897FC50007159FB /* DefaultColor.swift */,
			);
			path = Model;
			sourceTree = "<group>";
		};
		76A560ED2898062F007159FB /* Extension */ = {
			isa = PBXGroup;
			children = (
				76A560EE2898063F007159FB /* UILabel+Extension.swift */,
			);
			path = Extension;
			sourceTree = "<group>";
		};
		76BE59582890DDC000DD5074 = {
			isa = PBXGroup;
			children = (
				761C70572899FF6300652036 /* .gitignore */,
				76FBE1F7289118C500FA3F9F /* 0726-sesac.playground */,
				76BE59622890DDC000DD5074 /* Products */,
				76BE59632890DDC000DD5074 /* sesac-0727 */,
			);
			sourceTree = "<group>";
		};
		76BE59622890DDC000DD5074 /* Products */ = {
			isa = PBXGroup;
			children = (
				76BE59612890DDC000DD5074 /* sesac-0727.app */,
			);
			name = Products;
			sourceTree = "<group>";
		};
		76BE59632890DDC000DD5074 /* sesac-0727 */ = {
			isa = PBXGroup;
			children = (
				76A560F428980EEE007159FB /* BMDOHYEON_otf.otf */,
				76A560F028980CF7007159FB /* canela_bold.otf */,
				76111DA8289384C800F5683C /* SCDream1.otf */,
				76111DAC289384C800F5683C /* SCDream2.otf */,
				76111DAB289384C800F5683C /* SCDream3.otf */,
				76BE59722890DDC100DD5074 /* Info.plist */,
				7624105828928353005AFE3F /* 0727-Assignment.storyboard */,
				76BE59642890DDC000DD5074 /* AppDelegate.swift */,
				76BE59802890E5D200DD5074 /* ListTableViewCell.swift */,
				76111DA328935D3C00F5683C /* LocationViewController.swift */,
				76563BBE2892236C008F2CE1 /* LottoViewController.swift */,
				76BE59662890DDC000DD5074 /* SceneDelegate.swift */,
				76BE59782890E1F800DD5074 /* SearchViewController.swift */,
				76563BC028923067008F2CE1 /* TranslateViewController.swift */,
				76BE59682890DDC000DD5074 /* ViewController.swift */,
				7624105A28928559005AFE3F /* WebViewController.swift */,
				76563BC228923AE0008F2CE1 /* WebViewViewController.swift */,
				76A560F228980DC7007159FB /* Ghanachocolate.ttf */,
				76111DB72893874200F5683C /* HBIOS-SYS.ttf */,
				76BE596D2890DDC100DD5074 /* Assets.xcassets */,
				76BE59842890ED7E00DD5074 /* ListTableViewCell.xib */,
				767B67DD2897577B0032C561 /* Constant */,
				76BE596F2890DDC100DD5074 /* LaunchScreen.storyboard */,
				76BE596A2890DDC000DD5074 /* Main.storyboard */,
				76563BBB28920C9F008F2CE1 /* Protocol */,
				76A560E02897D2B1007159FB /* RecommendRandomBeer */,
				7628153E2898BD1F009CA303 /* BoxOfficeModel.swift */,
			);
			path = "sesac-0727";
			sourceTree = "<group>";
		};
/* End PBXGroup section */

/* Begin PBXNativeTarget section */
		76BE59602890DDC000DD5074 /* sesac-0727 */ = {
			isa = PBXNativeTarget;
			buildConfigurationList = 76BE59752890DDC100DD5074 /* Build configuration list for PBXNativeTarget "sesac-0727" */;
			buildPhases = (
				76BE595D2890DDC000DD5074 /* Sources */,
				76BE595E2890DDC000DD5074 /* Frameworks */,
				76BE595F2890DDC000DD5074 /* Resources */,
			);
			buildRules = (
			);
			dependencies = (
			);
			name = "sesac-0727";
			packageProductDependencies = (
				767B67E328977CE30032C561 /* Alamofire */,
				767B67E628977CF90032C561 /* SwiftyJSON */,
				76A560F7289814F8007159FB /* Kingfisher */,
			);
			productName = "sesac-0727";
			productReference = 76BE59612890DDC000DD5074 /* sesac-0727.app */;
			productType = "com.apple.product-type.application";
		};
/* End PBXNativeTarget section */

/* Begin PBXProject section */
		76BE59592890DDC000DD5074 /* Project object */ = {
			isa = PBXProject;
			attributes = {
				BuildIndependentTargetsInParallel = 1;
				LastSwiftUpdateCheck = 1330;
				LastUpgradeCheck = 1330;
				TargetAttributes = {
					76BE59602890DDC000DD5074 = {
						CreatedOnToolsVersion = 13.3.1;
					};
				};
			};
			buildConfigurationList = 76BE595C2890DDC000DD5074 /* Build configuration list for PBXProject "sesac-0727" */;
			compatibilityVersion = "Xcode 13.0";
			developmentRegion = en;
			hasScannedForEncodings = 0;
			knownRegions = (
				en,
				Base,
			);
			mainGroup = 76BE59582890DDC000DD5074;
			packageReferences = (
				767B67E228977CE30032C561 /* XCRemoteSwiftPackageReference "Alamofire" */,
				767B67E528977CF80032C561 /* XCRemoteSwiftPackageReference "SwiftyJSON" */,
				76A560F6289814F8007159FB /* XCRemoteSwiftPackageReference "Kingfisher" */,
			);
			productRefGroup = 76BE59622890DDC000DD5074 /* Products */;
			projectDirPath = "";
			projectRoot = "";
			targets = (
				76BE59602890DDC000DD5074 /* sesac-0727 */,
			);
		};
/* End PBXProject section */

/* Begin PBXResourcesBuildPhase section */
		76BE595F2890DDC000DD5074 /* Resources */ = {
			isa = PBXResourcesBuildPhase;
			buildActionMask = 2147483647;
			files = (
				76111DB82893874200F5683C /* HBIOS-SYS.ttf in Resources */,
				76BE59712890DDC100DD5074 /* LaunchScreen.storyboard in Resources */,
				76A560E62897FC19007159FB /* RecommendRandomBeer.storyboard in Resources */,
				76A560F528980EEE007159FB /* BMDOHYEON_otf.otf in Resources */,
				76111DB5289384C800F5683C /* SCDream2.otf in Resources */,
				76111DB1289384C800F5683C /* SCDream1.otf in Resources */,
				7624105928928353005AFE3F /* 0727-Assignment.storyboard in Resources */,
				76BE59852890ED7E00DD5074 /* ListTableViewCell.xib in Resources */,
				76BE596E2890DDC100DD5074 /* Assets.xcassets in Resources */,
				76BE596C2890DDC000DD5074 /* Main.storyboard in Resources */,
				76111DB4289384C800F5683C /* SCDream3.otf in Resources */,
				76A560F128980CF7007159FB /* canela_bold.otf in Resources */,
				76A560F328980DC7007159FB /* Ghanachocolate.ttf in Resources */,
			);
			runOnlyForDeploymentPostprocessing = 0;
		};
/* End PBXResourcesBuildPhase section */

/* Begin PBXSourcesBuildPhase section */
		76BE595D2890DDC000DD5074 /* Sources */ = {
			isa = PBXSourcesBuildPhase;
			buildActionMask = 2147483647;
			files = (
				767B67E128975FAD0032C561 /* UserDefaultsHelper.swift in Sources */,
				76BE59692890DDC000DD5074 /* ViewController.swift in Sources */,
				76BE59652890DDC000DD5074 /* AppDelegate.swift in Sources */,
				76A560EA2897FC40007159FB /* Beer.swift in Sources */,
				76BE59792890E1F800DD5074 /* SearchViewController.swift in Sources */,
				7624105B28928559005AFE3F /* WebViewController.swift in Sources */,
				76A560EC2897FC50007159FB /* DefaultColor.swift in Sources */,
				76563BBF2892236C008F2CE1 /* LottoViewController.swift in Sources */,
				761C70592899FF8600652036 /* Constant.swift in Sources */,
				76A560EF2898063F007159FB /* UILabel+Extension.swift in Sources */,
				767B67DC2897527D0032C561 /* ReusableViewProtocol.swift in Sources */,
				76111DA428935D3C00F5683C /* LocationViewController.swift in Sources */,
				76A560E22897D2C4007159FB /* RecommendRandomBeerViewController.swift in Sources */,
				7628153F2898BD1F009CA303 /* BoxOfficeModel.swift in Sources */,
				76BE59672890DDC000DD5074 /* SceneDelegate.swift in Sources */,
				76563BC128923067008F2CE1 /* TranslateViewController.swift in Sources */,
				76563BBD28920CCD008F2CE1 /* ViewPresentableProtocol.swift in Sources */,
				76563BC328923AE0008F2CE1 /* WebViewViewController.swift in Sources */,
				76BE59812890E5D200DD5074 /* ListTableViewCell.swift in Sources */,
			);
			runOnlyForDeploymentPostprocessing = 0;
		};
/* End PBXSourcesBuildPhase section */

/* Begin PBXVariantGroup section */
		76BE596A2890DDC000DD5074 /* Main.storyboard */ = {
			isa = PBXVariantGroup;
			children = (
				76BE596B2890DDC000DD5074 /* Base */,
			);
			name = Main.storyboard;
			sourceTree = "<group>";
		};
		76BE596F2890DDC100DD5074 /* LaunchScreen.storyboard */ = {
			isa = PBXVariantGroup;
			children = (
				76BE59702890DDC100DD5074 /* Base */,
			);
			name = LaunchScreen.storyboard;
			sourceTree = "<group>";
		};
/* End PBXVariantGroup section */

/* Begin XCBuildConfiguration section */
		76BE59732890DDC100DD5074 /* Debug */ = {
			isa = XCBuildConfiguration;
			buildSettings = {
				ALWAYS_SEARCH_USER_PATHS = NO;
				CLANG_ANALYZER_NONNULL = YES;
				CLANG_ANALYZER_NUMBER_OBJECT_CONVERSION = YES_AGGRESSIVE;
				CLANG_CXX_LANGUAGE_STANDARD = "gnu++17";
				CLANG_ENABLE_MODULES = YES;
				CLANG_ENABLE_OBJC_ARC = YES;
				CLANG_ENABLE_OBJC_WEAK = YES;
				CLANG_WARN_BLOCK_CAPTURE_AUTORELEASING = YES;
				CLANG_WARN_BOOL_CONVERSION = YES;
				CLANG_WARN_COMMA = YES;
				CLANG_WARN_CONSTANT_CONVERSION = YES;
				CLANG_WARN_DEPRECATED_OBJC_IMPLEMENTATIONS = YES;
				CLANG_WARN_DIRECT_OBJC_ISA_USAGE = YES_ERROR;
				CLANG_WARN_DOCUMENTATION_COMMENTS = YES;
				CLANG_WARN_EMPTY_BODY = YES;
				CLANG_WARN_ENUM_CONVERSION = YES;
				CLANG_WARN_INFINITE_RECURSION = YES;
				CLANG_WARN_INT_CONVERSION = YES;
				CLANG_WARN_NON_LITERAL_NULL_CONVERSION = YES;
				CLANG_WARN_OBJC_IMPLICIT_RETAIN_SELF = YES;
				CLANG_WARN_OBJC_LITERAL_CONVERSION = YES;
				CLANG_WARN_OBJC_ROOT_CLASS = YES_ERROR;
				CLANG_WARN_QUOTED_INCLUDE_IN_FRAMEWORK_HEADER = YES;
				CLANG_WARN_RANGE_LOOP_ANALYSIS = YES;
				CLANG_WARN_STRICT_PROTOTYPES = YES;
				CLANG_WARN_SUSPICIOUS_MOVE = YES;
				CLANG_WARN_UNGUARDED_AVAILABILITY = YES_AGGRESSIVE;
				CLANG_WARN_UNREACHABLE_CODE = YES;
				CLANG_WARN__DUPLICATE_METHOD_MATCH = YES;
				COPY_PHASE_STRIP = NO;
				DEBUG_INFORMATION_FORMAT = dwarf;
				ENABLE_STRICT_OBJC_MSGSEND = YES;
				ENABLE_TESTABILITY = YES;
				GCC_C_LANGUAGE_STANDARD = gnu11;
				GCC_DYNAMIC_NO_PIC = NO;
				GCC_NO_COMMON_BLOCKS = YES;
				GCC_OPTIMIZATION_LEVEL = 0;
				GCC_PREPROCESSOR_DEFINITIONS = (
					"DEBUG=1",
					"$(inherited)",
				);
				GCC_WARN_64_TO_32_BIT_CONVERSION = YES;
				GCC_WARN_ABOUT_RETURN_TYPE = YES_ERROR;
				GCC_WARN_UNDECLARED_SELECTOR = YES;
				GCC_WARN_UNINITIALIZED_AUTOS = YES_AGGRESSIVE;
				GCC_WARN_UNUSED_FUNCTION = YES;
				GCC_WARN_UNUSED_VARIABLE = YES;
				IPHONEOS_DEPLOYMENT_TARGET = 15.4;
				MTL_ENABLE_DEBUG_INFO = INCLUDE_SOURCE;
				MTL_FAST_MATH = YES;
				ONLY_ACTIVE_ARCH = YES;
				SDKROOT = iphoneos;
				SWIFT_ACTIVE_COMPILATION_CONDITIONS = DEBUG;
				SWIFT_OPTIMIZATION_LEVEL = "-Onone";
			};
			name = Debug;
		};
		76BE59742890DDC100DD5074 /* Release */ = {
			isa = XCBuildConfiguration;
			buildSettings = {
				ALWAYS_SEARCH_USER_PATHS = NO;
				CLANG_ANALYZER_NONNULL = YES;
				CLANG_ANALYZER_NUMBER_OBJECT_CONVERSION = YES_AGGRESSIVE;
				CLANG_CXX_LANGUAGE_STANDARD = "gnu++17";
				CLANG_ENABLE_MODULES = YES;
				CLANG_ENABLE_OBJC_ARC = YES;
				CLANG_ENABLE_OBJC_WEAK = YES;
				CLANG_WARN_BLOCK_CAPTURE_AUTORELEASING = YES;
				CLANG_WARN_BOOL_CONVERSION = YES;
				CLANG_WARN_COMMA = YES;
				CLANG_WARN_CONSTANT_CONVERSION = YES;
				CLANG_WARN_DEPRECATED_OBJC_IMPLEMENTATIONS = YES;
				CLANG_WARN_DIRECT_OBJC_ISA_USAGE = YES_ERROR;
				CLANG_WARN_DOCUMENTATION_COMMENTS = YES;
				CLANG_WARN_EMPTY_BODY = YES;
				CLANG_WARN_ENUM_CONVERSION = YES;
				CLANG_WARN_INFINITE_RECURSION = YES;
				CLANG_WARN_INT_CONVERSION = YES;
				CLANG_WARN_NON_LITERAL_NULL_CONVERSION = YES;
				CLANG_WARN_OBJC_IMPLICIT_RETAIN_SELF = YES;
				CLANG_WARN_OBJC_LITERAL_CONVERSION = YES;
				CLANG_WARN_OBJC_ROOT_CLASS = YES_ERROR;
				CLANG_WARN_QUOTED_INCLUDE_IN_FRAMEWORK_HEADER = YES;
				CLANG_WARN_RANGE_LOOP_ANALYSIS = YES;
				CLANG_WARN_STRICT_PROTOTYPES = YES;
				CLANG_WARN_SUSPICIOUS_MOVE = YES;
				CLANG_WARN_UNGUARDED_AVAILABILITY = YES_AGGRESSIVE;
				CLANG_WARN_UNREACHABLE_CODE = YES;
				CLANG_WARN__DUPLICATE_METHOD_MATCH = YES;
				COPY_PHASE_STRIP = NO;
				DEBUG_INFORMATION_FORMAT = "dwarf-with-dsym";
				ENABLE_NS_ASSERTIONS = NO;
				ENABLE_STRICT_OBJC_MSGSEND = YES;
				GCC_C_LANGUAGE_STANDARD = gnu11;
				GCC_NO_COMMON_BLOCKS = YES;
				GCC_WARN_64_TO_32_BIT_CONVERSION = YES;
				GCC_WARN_ABOUT_RETURN_TYPE = YES_ERROR;
				GCC_WARN_UNDECLARED_SELECTOR = YES;
				GCC_WARN_UNINITIALIZED_AUTOS = YES_AGGRESSIVE;
				GCC_WARN_UNUSED_FUNCTION = YES;
				GCC_WARN_UNUSED_VARIABLE = YES;
				IPHONEOS_DEPLOYMENT_TARGET = 15.4;
				MTL_ENABLE_DEBUG_INFO = NO;
				MTL_FAST_MATH = YES;
				SDKROOT = iphoneos;
				SWIFT_COMPILATION_MODE = wholemodule;
				SWIFT_OPTIMIZATION_LEVEL = "-O";
				VALIDATE_PRODUCT = YES;
			};
			name = Release;
		};
		76BE59762890DDC100DD5074 /* Debug */ = {
			isa = XCBuildConfiguration;
			buildSettings = {
				ASSETCATALOG_COMPILER_APPICON_NAME = AppIcon;
				ASSETCATALOG_COMPILER_GLOBAL_ACCENT_COLOR_NAME = AccentColor;
				CODE_SIGN_STYLE = Automatic;
				CURRENT_PROJECT_VERSION = 1;
				DEVELOPMENT_TEAM = RJ93CKCV9A;
				GENERATE_INFOPLIST_FILE = YES;
				INFOPLIST_FILE = "sesac-0727/Info.plist";
				INFOPLIST_KEY_UIApplicationSupportsIndirectInputEvents = YES;
				INFOPLIST_KEY_UILaunchStoryboardName = LaunchScreen;
				INFOPLIST_KEY_UIMainStoryboardFile = Main;
				INFOPLIST_KEY_UISupportedInterfaceOrientations_iPad = "UIInterfaceOrientationPortrait UIInterfaceOrientationPortraitUpsideDown UIInterfaceOrientationLandscapeLeft UIInterfaceOrientationLandscapeRight";
				INFOPLIST_KEY_UISupportedInterfaceOrientations_iPhone = "UIInterfaceOrientationPortrait UIInterfaceOrientationLandscapeLeft UIInterfaceOrientationLandscapeRight";
				IPHONEOS_DEPLOYMENT_TARGET = 15.0;
				LD_RUNPATH_SEARCH_PATHS = (
					"$(inherited)",
					"@executable_path/Frameworks",
				);
				MARKETING_VERSION = 1.0;
				PRODUCT_BUNDLE_IDENTIFIER = "com.vonreal.sesac-0727";
				PRODUCT_NAME = "$(TARGET_NAME)";
				SWIFT_EMIT_LOC_STRINGS = YES;
				SWIFT_VERSION = 5.0;
				TARGETED_DEVICE_FAMILY = 1;
			};
			name = Debug;
		};
		76BE59772890DDC100DD5074 /* Release */ = {
			isa = XCBuildConfiguration;
			buildSettings = {
				ASSETCATALOG_COMPILER_APPICON_NAME = AppIcon;
				ASSETCATALOG_COMPILER_GLOBAL_ACCENT_COLOR_NAME = AccentColor;
				CODE_SIGN_STYLE = Automatic;
				CURRENT_PROJECT_VERSION = 1;
				DEVELOPMENT_TEAM = RJ93CKCV9A;
				GENERATE_INFOPLIST_FILE = YES;
				INFOPLIST_FILE = "sesac-0727/Info.plist";
				INFOPLIST_KEY_UIApplicationSupportsIndirectInputEvents = YES;
				INFOPLIST_KEY_UILaunchStoryboardName = LaunchScreen;
				INFOPLIST_KEY_UIMainStoryboardFile = Main;
				INFOPLIST_KEY_UISupportedInterfaceOrientations_iPad = "UIInterfaceOrientationPortrait UIInterfaceOrientationPortraitUpsideDown UIInterfaceOrientationLandscapeLeft UIInterfaceOrientationLandscapeRight";
				INFOPLIST_KEY_UISupportedInterfaceOrientations_iPhone = "UIInterfaceOrientationPortrait UIInterfaceOrientationLandscapeLeft UIInterfaceOrientationLandscapeRight";
				IPHONEOS_DEPLOYMENT_TARGET = 15.0;
				LD_RUNPATH_SEARCH_PATHS = (
					"$(inherited)",
					"@executable_path/Frameworks",
				);
				MARKETING_VERSION = 1.0;
				PRODUCT_BUNDLE_IDENTIFIER = "com.vonreal.sesac-0727";
				PRODUCT_NAME = "$(TARGET_NAME)";
				SWIFT_EMIT_LOC_STRINGS = YES;
				SWIFT_VERSION = 5.0;
				TARGETED_DEVICE_FAMILY = 1;
			};
			name = Release;
		};
/* End XCBuildConfiguration section */

/* Begin XCConfigurationList section */
		76BE595C2890DDC000DD5074 /* Build configuration list for PBXProject "sesac-0727" */ = {
			isa = XCConfigurationList;
			buildConfigurations = (
				76BE59732890DDC100DD5074 /* Debug */,
				76BE59742890DDC100DD5074 /* Release */,
			);
			defaultConfigurationIsVisible = 0;
			defaultConfigurationName = Release;
		};
		76BE59752890DDC100DD5074 /* Build configuration list for PBXNativeTarget "sesac-0727" */ = {
			isa = XCConfigurationList;
			buildConfigurations = (
				76BE59762890DDC100DD5074 /* Debug */,
				76BE59772890DDC100DD5074 /* Release */,
			);
			defaultConfigurationIsVisible = 0;
			defaultConfigurationName = Release;
		};
/* End XCConfigurationList section */

/* Begin XCRemoteSwiftPackageReference section */
		767B67E228977CE30032C561 /* XCRemoteSwiftPackageReference "Alamofire" */ = {
			isa = XCRemoteSwiftPackageReference;
			repositoryURL = "https://github.com/Alamofire/Alamofire.git";
			requirement = {
				kind = upToNextMajorVersion;
				minimumVersion = 5.0.0;
			};
		};
		767B67E528977CF80032C561 /* XCRemoteSwiftPackageReference "SwiftyJSON" */ = {
			isa = XCRemoteSwiftPackageReference;
			repositoryURL = "https://github.com/SwiftyJSON/SwiftyJSON.git";
			requirement = {
				kind = upToNextMajorVersion;
				minimumVersion = 5.0.0;
			};
		};
		76A560F6289814F8007159FB /* XCRemoteSwiftPackageReference "Kingfisher" */ = {
			isa = XCRemoteSwiftPackageReference;
			repositoryURL = "https://github.com/onevcat/Kingfisher.git";
			requirement = {
				kind = upToNextMajorVersion;
				minimumVersion = 7.0.0;
			};
		};
/* End XCRemoteSwiftPackageReference section */

/* Begin XCSwiftPackageProductDependency section */
		767B67E328977CE30032C561 /* Alamofire */ = {
			isa = XCSwiftPackageProductDependency;
			package = 767B67E228977CE30032C561 /* XCRemoteSwiftPackageReference "Alamofire" */;
			productName = Alamofire;
		};
		767B67E628977CF90032C561 /* SwiftyJSON */ = {
			isa = XCSwiftPackageProductDependency;
			package = 767B67E528977CF80032C561 /* XCRemoteSwiftPackageReference "SwiftyJSON" */;
			productName = SwiftyJSON;
		};
		76A560F7289814F8007159FB /* Kingfisher */ = {
			isa = XCSwiftPackageProductDependency;
			package = 76A560F6289814F8007159FB /* XCRemoteSwiftPackageReference "Kingfisher" */;
			productName = Kingfisher;
		};
/* End XCSwiftPackageProductDependency section */
	};
	rootObject = 76BE59592890DDC000DD5074 /* Project object */;
}
